// !$*UTF8*$!
{
	archiveVersion = 1;
	classes = {
	};
	objectVersion = 46;
	objects = {

/* Begin PBXBuildFile section */
		E5049713220401BC006C7A7C /* Keychain.swift in Sources */ = {isa = PBXBuildFile; fileRef = E5049712220401BC006C7A7C /* Keychain.swift */; };
		E57A17D41F0D80E7008D21B6 /* ADTools.swift in Sources */ = {isa = PBXBuildFile; fileRef = E57A17CA1F0D80E7008D21B6 /* ADTools.swift */; };
		E57A17D51F0D80E7008D21B6 /* ConfigSettings.swift in Sources */ = {isa = PBXBuildFile; fileRef = E57A17CB1F0D80E7008D21B6 /* ConfigSettings.swift */; };
		E57A17D61F0D80E7008D21B6 /* DateFormatter.swift in Sources */ = {isa = PBXBuildFile; fileRef = E57A17CC1F0D80E7008D21B6 /* DateFormatter.swift */; };
		E57A17D71F0D80E7008D21B6 /* Extensions.swift in Sources */ = {isa = PBXBuildFile; fileRef = E57A17CD1F0D80E7008D21B6 /* Extensions.swift */; };
		E57A17D81F0D80E7008D21B6 /* Logging.swift in Sources */ = {isa = PBXBuildFile; fileRef = E57A17CF1F0D80E7008D21B6 /* Logging.swift */; };
		E57A17D91F0D80E7008D21B6 /* main.swift in Sources */ = {isa = PBXBuildFile; fileRef = E57A17D01F0D80E7008D21B6 /* main.swift */; };
		E57A17DA1F0D80E7008D21B6 /* PasswordGen.swift in Sources */ = {isa = PBXBuildFile; fileRef = E57A17D11F0D80E7008D21B6 /* PasswordGen.swift */; };
		E57A17DB1F0D80E7008D21B6 /* PWChange.swift in Sources */ = {isa = PBXBuildFile; fileRef = E57A17D21F0D80E7008D21B6 /* PWChange.swift */; };
		E57A17DC1F0D80E7008D21B6 /* TimeConversion.swift in Sources */ = {isa = PBXBuildFile; fileRef = E57A17D31F0D80E7008D21B6 /* TimeConversion.swift */; };
		E5D9B89B1F0F4A7C0028703D /* CharacterSetExlusion.swift in Sources */ = {isa = PBXBuildFile; fileRef = E5D9B89A1F0F4A7C0028703D /* CharacterSetExlusion.swift */; };
/* End PBXBuildFile section */

/* Begin PBXCopyFilesBuildPhase section */
		E56B73011E38D39700FC66CB /* CopyFiles */ = {
			isa = PBXCopyFilesBuildPhase;
			buildActionMask = 2147483647;
			dstPath = /usr/share/man/man1/;
			dstSubfolderSpec = 0;
			files = (
			);
			runOnlyForDeploymentPostprocessing = 1;
		};
/* End PBXCopyFilesBuildPhase section */

/* Begin PBXFileReference section */
		E5049712220401BC006C7A7C /* Keychain.swift */ = {isa = PBXFileReference; lastKnownFileType = sourcecode.swift; path = Keychain.swift; sourceTree = "<group>"; };
		E56B73031E38D39700FC66CB /* macOSLAPS */ = {isa = PBXFileReference; explicitFileType = "compiled.mach-o.executable"; includeInIndex = 0; path = macOSLAPS; sourceTree = BUILT_PRODUCTS_DIR; };
		E57A17CA1F0D80E7008D21B6 /* ADTools.swift */ = {isa = PBXFileReference; fileEncoding = 4; lastKnownFileType = sourcecode.swift; name = ADTools.swift; path = macOSLAPS/ADTools.swift; sourceTree = "<group>"; };
		E57A17CB1F0D80E7008D21B6 /* ConfigSettings.swift */ = {isa = PBXFileReference; fileEncoding = 4; lastKnownFileType = sourcecode.swift; name = ConfigSettings.swift; path = macOSLAPS/ConfigSettings.swift; sourceTree = "<group>"; };
		E57A17CC1F0D80E7008D21B6 /* DateFormatter.swift */ = {isa = PBXFileReference; fileEncoding = 4; lastKnownFileType = sourcecode.swift; name = DateFormatter.swift; path = macOSLAPS/DateFormatter.swift; sourceTree = "<group>"; };
		E57A17CD1F0D80E7008D21B6 /* Extensions.swift */ = {isa = PBXFileReference; fileEncoding = 4; lastKnownFileType = sourcecode.swift; name = Extensions.swift; path = macOSLAPS/Extensions.swift; sourceTree = "<group>"; };
		E57A17CE1F0D80E7008D21B6 /* Info.plist */ = {isa = PBXFileReference; fileEncoding = 4; lastKnownFileType = text.plist.xml; name = Info.plist; path = macOSLAPS/Info.plist; sourceTree = "<group>"; };
		E57A17CF1F0D80E7008D21B6 /* Logging.swift */ = {isa = PBXFileReference; fileEncoding = 4; lastKnownFileType = sourcecode.swift; name = Logging.swift; path = macOSLAPS/Logging.swift; sourceTree = "<group>"; };
		E57A17D01F0D80E7008D21B6 /* main.swift */ = {isa = PBXFileReference; fileEncoding = 4; lastKnownFileType = sourcecode.swift; name = main.swift; path = macOSLAPS/main.swift; sourceTree = "<group>"; };
		E57A17D11F0D80E7008D21B6 /* PasswordGen.swift */ = {isa = PBXFileReference; fileEncoding = 4; lastKnownFileType = sourcecode.swift; name = PasswordGen.swift; path = macOSLAPS/PasswordGen.swift; sourceTree = "<group>"; };
		E57A17D21F0D80E7008D21B6 /* PWChange.swift */ = {isa = PBXFileReference; fileEncoding = 4; lastKnownFileType = sourcecode.swift; name = PWChange.swift; path = macOSLAPS/PWChange.swift; sourceTree = "<group>"; };
		E57A17D31F0D80E7008D21B6 /* TimeConversion.swift */ = {isa = PBXFileReference; fileEncoding = 4; lastKnownFileType = sourcecode.swift; name = TimeConversion.swift; path = macOSLAPS/TimeConversion.swift; sourceTree = "<group>"; };
		E5D9B89A1F0F4A7C0028703D /* CharacterSetExlusion.swift */ = {isa = PBXFileReference; fileEncoding = 4; lastKnownFileType = sourcecode.swift; name = CharacterSetExlusion.swift; path = macOSLAPS/CharacterSetExlusion.swift; sourceTree = "<group>"; };
		E5DE29F91EF1557900ADEECE /* macOSLAPS */ = {isa = PBXFileReference; lastKnownFileType = folder; path = macOSLAPS; sourceTree = "<group>"; };
/* End PBXFileReference section */

/* Begin PBXFrameworksBuildPhase section */
		E56B73001E38D39700FC66CB /* Frameworks */ = {
			isa = PBXFrameworksBuildPhase;
			buildActionMask = 2147483647;
			files = (
			);
			runOnlyForDeploymentPostprocessing = 0;
		};
/* End PBXFrameworksBuildPhase section */

/* Begin PBXGroup section */
		E56B72FA1E38D39700FC66CB = {
			isa = PBXGroup;
			children = (
				E57A17CA1F0D80E7008D21B6 /* ADTools.swift */,
				E5D9B89A1F0F4A7C0028703D /* CharacterSetExlusion.swift */,
				E57A17CB1F0D80E7008D21B6 /* ConfigSettings.swift */,
				E57A17CC1F0D80E7008D21B6 /* DateFormatter.swift */,
				E57A17CD1F0D80E7008D21B6 /* Extensions.swift */,
				E57A17CE1F0D80E7008D21B6 /* Info.plist */,
				E57A17CF1F0D80E7008D21B6 /* Logging.swift */,
				E57A17D01F0D80E7008D21B6 /* main.swift */,
				E5049712220401BC006C7A7C /* Keychain.swift */,
				E57A17D11F0D80E7008D21B6 /* PasswordGen.swift */,
				E57A17D21F0D80E7008D21B6 /* PWChange.swift */,
				E57A17D31F0D80E7008D21B6 /* TimeConversion.swift */,
				E5DE29F91EF1557900ADEECE /* macOSLAPS */,
				E56B73041E38D39700FC66CB /* Products */,
			);
			sourceTree = "<group>";
		};
		E56B73041E38D39700FC66CB /* Products */ = {
			isa = PBXGroup;
			children = (
				E56B73031E38D39700FC66CB /* macOSLAPS */,
			);
			name = Products;
			sourceTree = "<group>";
		};
/* End PBXGroup section */

/* Begin PBXNativeTarget section */
		E56B73021E38D39700FC66CB /* macOSLAPS */ = {
			isa = PBXNativeTarget;
			buildConfigurationList = E56B730A1E38D39700FC66CB /* Build configuration list for PBXNativeTarget "macOSLAPS" */;
			buildPhases = (
				E56B72FF1E38D39700FC66CB /* Sources */,
				E56B73001E38D39700FC66CB /* Frameworks */,
				E56B73011E38D39700FC66CB /* CopyFiles */,
			);
			buildRules = (
			);
			dependencies = (
			);
			name = macOSLAPS;
			productName = macOSLAPS;
			productReference = E56B73031E38D39700FC66CB /* macOSLAPS */;
			productType = "com.apple.product-type.tool";
		};
/* End PBXNativeTarget section */

/* Begin PBXProject section */
		E56B72FB1E38D39700FC66CB /* Project object */ = {
			isa = PBXProject;
			attributes = {
				LastSwiftUpdateCheck = 0810;
				LastUpgradeCheck = 0930;
				ORGANIZATIONNAME = "Joshua D. Miller";
				TargetAttributes = {
					E56B73021E38D39700FC66CB = {
						CreatedOnToolsVersion = 8.1;
						DevelopmentTeam = VQ32N9FEBR;
						LastSwiftMigration = 0920;
						ProvisioningStyle = Automatic;
					};
				};
			};
			buildConfigurationList = E56B72FE1E38D39700FC66CB /* Build configuration list for PBXProject "macOSLAPS" */;
			compatibilityVersion = "Xcode 3.2";
			developmentRegion = English;
			hasScannedForEncodings = 0;
			knownRegions = (
				en,
			);
			mainGroup = E56B72FA1E38D39700FC66CB;
			productRefGroup = E56B73041E38D39700FC66CB /* Products */;
			projectDirPath = "";
			projectRoot = "";
			targets = (
				E56B73021E38D39700FC66CB /* macOSLAPS */,
			);
		};
/* End PBXProject section */

/* Begin PBXSourcesBuildPhase section */
		E56B72FF1E38D39700FC66CB /* Sources */ = {
			isa = PBXSourcesBuildPhase;
			buildActionMask = 2147483647;
			files = (
				E57A17D61F0D80E7008D21B6 /* DateFormatter.swift in Sources */,
				E57A17D81F0D80E7008D21B6 /* Logging.swift in Sources */,
				E57A17D91F0D80E7008D21B6 /* main.swift in Sources */,
				E57A17DA1F0D80E7008D21B6 /* PasswordGen.swift in Sources */,
				E57A17D51F0D80E7008D21B6 /* ConfigSettings.swift in Sources */,
				E5049713220401BC006C7A7C /* Keychain.swift in Sources */,
				E57A17D41F0D80E7008D21B6 /* ADTools.swift in Sources */,
				E57A17DC1F0D80E7008D21B6 /* TimeConversion.swift in Sources */,
				E57A17DB1F0D80E7008D21B6 /* PWChange.swift in Sources */,
				E57A17D71F0D80E7008D21B6 /* Extensions.swift in Sources */,
				E5D9B89B1F0F4A7C0028703D /* CharacterSetExlusion.swift in Sources */,
			);
			runOnlyForDeploymentPostprocessing = 0;
		};
/* End PBXSourcesBuildPhase section */

/* Begin XCBuildConfiguration section */
		E56B73081E38D39700FC66CB /* Debug */ = {
			isa = XCBuildConfiguration;
			buildSettings = {
				ALWAYS_SEARCH_USER_PATHS = NO;
				CLANG_ANALYZER_NONNULL = YES;
				CLANG_CXX_LANGUAGE_STANDARD = "gnu++0x";
				CLANG_CXX_LIBRARY = "libc++";
				CLANG_ENABLE_MODULES = YES;
				CLANG_ENABLE_OBJC_ARC = YES;
				CLANG_WARN_BLOCK_CAPTURE_AUTORELEASING = YES;
				CLANG_WARN_BOOL_CONVERSION = YES;
				CLANG_WARN_COMMA = YES;
				CLANG_WARN_CONSTANT_CONVERSION = YES;
				CLANG_WARN_DEPRECATED_OBJC_IMPLEMENTATIONS = YES;
				CLANG_WARN_DIRECT_OBJC_ISA_USAGE = YES_ERROR;
				CLANG_WARN_DOCUMENTATION_COMMENTS = YES;
				CLANG_WARN_EMPTY_BODY = YES;
				CLANG_WARN_ENUM_CONVERSION = YES;
				CLANG_WARN_INFINITE_RECURSION = YES;
				CLANG_WARN_INT_CONVERSION = YES;
				CLANG_WARN_NON_LITERAL_NULL_CONVERSION = YES;
				CLANG_WARN_OBJC_IMPLICIT_RETAIN_SELF = YES;
				CLANG_WARN_OBJC_LITERAL_CONVERSION = YES;
				CLANG_WARN_OBJC_ROOT_CLASS = YES_ERROR;
				CLANG_WARN_RANGE_LOOP_ANALYSIS = YES;
				CLANG_WARN_STRICT_PROTOTYPES = YES;
				CLANG_WARN_SUSPICIOUS_MOVE = YES;
				CLANG_WARN_SUSPICIOUS_MOVES = YES;
				CLANG_WARN_UNREACHABLE_CODE = YES;
				CLANG_WARN__DUPLICATE_METHOD_MATCH = YES;
				CODE_SIGN_IDENTITY = "Mac Developer";
				CODE_SIGN_STYLE = Automatic;
				COPY_PHASE_STRIP = NO;
				DEBUG_INFORMATION_FORMAT = dwarf;
				DEVELOPMENT_TEAM = VQ32N9FEBR;
				ENABLE_HARDENED_RUNTIME = YES;
				ENABLE_STRICT_OBJC_MSGSEND = YES;
				ENABLE_TESTABILITY = YES;
				GCC_C_LANGUAGE_STANDARD = gnu99;
				GCC_DYNAMIC_NO_PIC = NO;
				GCC_NO_COMMON_BLOCKS = YES;
				GCC_OPTIMIZATION_LEVEL = 0;
				GCC_PREPROCESSOR_DEFINITIONS = (
					"DEBUG=1",
					"$(inherited)",
				);
				GCC_WARN_64_TO_32_BIT_CONVERSION = YES;
				GCC_WARN_ABOUT_RETURN_TYPE = YES_ERROR;
				GCC_WARN_UNDECLARED_SELECTOR = YES;
				GCC_WARN_UNINITIALIZED_AUTOS = YES_AGGRESSIVE;
				GCC_WARN_UNUSED_FUNCTION = YES;
				GCC_WARN_UNUSED_VARIABLE = YES;
				INSTALL_GROUP = wheel;
				INSTALL_OWNER = root;
				INSTALL_PATH = /usr/local/laps;
				MACOSX_DEPLOYMENT_TARGET = 10.10;
				MTL_ENABLE_DEBUG_INFO = YES;
				ONLY_ACTIVE_ARCH = YES;
				SDKROOT = macosx;
				SWIFT_OPTIMIZATION_LEVEL = "-Onone";
				SWIFT_VERSION = 4.2;
				VERSIONING_SYSTEM = "apple-generic";
			};
			name = Debug;
		};
		E56B73091E38D39700FC66CB /* Release */ = {
			isa = XCBuildConfiguration;
			buildSettings = {
				ALWAYS_SEARCH_USER_PATHS = NO;
				CLANG_ANALYZER_NONNULL = YES;
				CLANG_CXX_LANGUAGE_STANDARD = "gnu++0x";
				CLANG_CXX_LIBRARY = "libc++";
				CLANG_ENABLE_MODULES = YES;
				CLANG_ENABLE_OBJC_ARC = YES;
				CLANG_WARN_BLOCK_CAPTURE_AUTORELEASING = YES;
				CLANG_WARN_BOOL_CONVERSION = YES;
				CLANG_WARN_COMMA = YES;
				CLANG_WARN_CONSTANT_CONVERSION = YES;
				CLANG_WARN_DEPRECATED_OBJC_IMPLEMENTATIONS = YES;
				CLANG_WARN_DIRECT_OBJC_ISA_USAGE = YES_ERROR;
				CLANG_WARN_DOCUMENTATION_COMMENTS = YES;
				CLANG_WARN_EMPTY_BODY = YES;
				CLANG_WARN_ENUM_CONVERSION = YES;
				CLANG_WARN_INFINITE_RECURSION = YES;
				CLANG_WARN_INT_CONVERSION = YES;
				CLANG_WARN_NON_LITERAL_NULL_CONVERSION = YES;
				CLANG_WARN_OBJC_IMPLICIT_RETAIN_SELF = YES;
				CLANG_WARN_OBJC_LITERAL_CONVERSION = YES;
				CLANG_WARN_OBJC_ROOT_CLASS = YES_ERROR;
				CLANG_WARN_RANGE_LOOP_ANALYSIS = YES;
				CLANG_WARN_STRICT_PROTOTYPES = YES;
				CLANG_WARN_SUSPICIOUS_MOVE = YES;
				CLANG_WARN_SUSPICIOUS_MOVES = YES;
				CLANG_WARN_UNREACHABLE_CODE = YES;
				CLANG_WARN__DUPLICATE_METHOD_MATCH = YES;
				CODE_SIGN_IDENTITY = "Mac Developer";
				CODE_SIGN_STYLE = Automatic;
				COPY_PHASE_STRIP = NO;
				DEBUG_INFORMATION_FORMAT = "dwarf-with-dsym";
				DEVELOPMENT_TEAM = VQ32N9FEBR;
				ENABLE_HARDENED_RUNTIME = YES;
				ENABLE_NS_ASSERTIONS = NO;
				ENABLE_STRICT_OBJC_MSGSEND = YES;
				GCC_C_LANGUAGE_STANDARD = gnu99;
				GCC_NO_COMMON_BLOCKS = YES;
				GCC_WARN_64_TO_32_BIT_CONVERSION = YES;
				GCC_WARN_ABOUT_RETURN_TYPE = YES_ERROR;
				GCC_WARN_UNDECLARED_SELECTOR = YES;
				GCC_WARN_UNINITIALIZED_AUTOS = YES_AGGRESSIVE;
				GCC_WARN_UNUSED_FUNCTION = YES;
				GCC_WARN_UNUSED_VARIABLE = YES;
				INSTALL_GROUP = wheel;
				INSTALL_OWNER = root;
				INSTALL_PATH = /usr/local/laps;
				MACOSX_DEPLOYMENT_TARGET = 10.10;
				MTL_ENABLE_DEBUG_INFO = NO;
				ONLY_ACTIVE_ARCH = YES;
				SDKROOT = macosx;
				SWIFT_OPTIMIZATION_LEVEL = "-Owholemodule";
				SWIFT_VERSION = 4.2;
				VERSIONING_SYSTEM = "apple-generic";
			};
			name = Release;
		};
		E56B730B1E38D39700FC66CB /* Debug */ = {
			isa = XCBuildConfiguration;
			buildSettings = {
				ALTERNATE_GROUP = staff;
				ALTERNATE_OWNER = jdm51;
				CODE_SIGN_IDENTITY = "Mac Developer";
				DEVELOPMENT_TEAM = VQ32N9FEBR;
				GENERATE_PKGINFO_FILE = NO;
				INFOPLIST_FILE = "$(SRCROOT)/macOSLAPS/Info.plist";
				INSTALL_GROUP = staff;
				INSTALL_OWNER = jdm51;
				INSTALL_PATH = /usr/local/laps;
				PRODUCT_BUNDLE_IDENTIFIER = edu.psu.macOSLAPS;
				PRODUCT_NAME = "$(TARGET_NAME)";
				PROVISIONING_PROFILE_SPECIFIER = "";
				SWIFT_SWIFT3_OBJC_INFERENCE = Off;
				SWIFT_VERSION = 4.2;
			};
			name = Debug;
		};
		E56B730C1E38D39700FC66CB /* Release */ = {
			isa = XCBuildConfiguration;
			buildSettings = {
				ALTERNATE_GROUP = staff;
				ALTERNATE_OWNER = jdm51;
				CODE_SIGN_IDENTITY = "Mac Developer";
				DEVELOPMENT_TEAM = VQ32N9FEBR;
				GENERATE_PKGINFO_FILE = NO;
				INFOPLIST_FILE = "$(SRCROOT)/macOSLAPS/Info.plist";
				INSTALL_GROUP = staff;
				INSTALL_OWNER = jdm51;
				INSTALL_PATH = /usr/local/laps;
				PRODUCT_BUNDLE_IDENTIFIER = edu.psu.macOSLAPS;
				PRODUCT_NAME = "$(TARGET_NAME)";
				PROVISIONING_PROFILE_SPECIFIER = "";
				SWIFT_SWIFT3_OBJC_INFERENCE = Off;
				SWIFT_VERSION = 4.2;
			};
			name = Release;
		};
/* End XCBuildConfiguration section */

/* Begin XCConfigurationList section */
		E56B72FE1E38D39700FC66CB /* Build configuration list for PBXProject "macOSLAPS" */ = {
			isa = XCConfigurationList;
			buildConfigurations = (
				E56B73081E38D39700FC66CB /* Debug */,
				E56B73091E38D39700FC66CB /* Release */,
			);
			defaultConfigurationIsVisible = 0;
			defaultConfigurationName = Release;
		};
		E56B730A1E38D39700FC66CB /* Build configuration list for PBXNativeTarget "macOSLAPS" */ = {
			isa = XCConfigurationList;
			buildConfigurations = (
				E56B730B1E38D39700FC66CB /* Debug */,
				E56B730C1E38D39700FC66CB /* Release */,
			);
			defaultConfigurationIsVisible = 0;
			defaultConfigurationName = Release;
		};
/* End XCConfigurationList section */
	};
	rootObject = E56B72FB1E38D39700FC66CB /* Project object */;
}
